{
  "name": "ngappinheritance",
  "version": "1.0.0",
  "lockfileVersion": 1,
  "requires": true,
  "dependencies": {
    "@arr/every": {
      "version": "1.0.0",
      "resolved": "https://registry.npmjs.org/@arr/every/-/every-1.0.0.tgz",
      "integrity": "sha1-MU+BaPUK5IoDLP2tX9tDb0ZKl6w="
    },
    "@polka/send": {
      "version": "0.4.0",
      "resolved": "https://registry.npmjs.org/@polka/send/-/send-0.4.0.tgz",
      "integrity": "sha1-4nccVnHTYXWDJTSriGqIT3XzHm8="
    },
    "@polka/url": {
      "version": "0.5.0",
      "resolved": "https://registry.npmjs.org/@polka/url/-/url-0.5.0.tgz",
      "integrity": "sha512-oZLYFEAzUKyi3SKnXvj32ZCEGH6RDnao7COuCVhDydMS9NrCSVXhM79VaKyP5+Zc33m0QXEd2DN3UkU7OsHcfw=="
    },
    "globalyzer": {
      "version": "0.1.0",
      "resolved": "https://registry.npmjs.org/globalyzer/-/globalyzer-0.1.0.tgz",
      "integrity": "sha512-40oNTM9UfG6aBmuKxk/giHn5nQ8RVz/SS4Ir6zgzOv9/qC3kKZ9v4etGTcJbEl/NyVQH7FGU7d+X1egr57Md2Q=="
    },
    "globrex": {
      "version": "0.1.1",
      "resolved": "https://registry.npmjs.org/globrex/-/globrex-0.1.1.tgz",
      "integrity": "sha512-bqKcPhb+ZtrISivpu6oLmwIyINlPlzueO/BDCdfnzUeu7SYxnHTXmWP7uQI5PnQXc5yGXOscGBEGagloA2hcSw=="
    },
    "matchit": {
      "version": "1.0.6",
      "resolved": "https://registry.npmjs.org/matchit/-/matchit-1.0.6.tgz",
      "integrity": "sha1-gl2gZGi9Mk8CGevijhKkG/tVJMQ=",
      "requires": {
        "@arr/every": "^1.0.0"
      }
    },
    "mime": {
      "version": "2.3.1",
      "resolved": "https://registry.npmjs.org/mime/-/mime-2.3.1.tgz",
      "integrity": "sha512-OEUllcVoydBHGN1z84yfQDimn58pZNNNXgZlHXSboxMlFvgI6MXSWpWKpFRra7H1HxpVhHTkrghfRW49k6yjeg=="
    },
    "polka": {
      "version": "0.5.1",
      "resolved": "https://registry.npmjs.org/polka/-/polka-0.5.1.tgz",
      "integrity": "sha512-de0VgqoAgGIJoa4mTj+e9KKIt5uRJOGyE37TbsoYEuDzI+cbJZ8nKBRCmiwv9DUMKrYhAMHW/di7/6/65zgZZQ==",
      "requires": {
        "@polka/url": "^0.5.0",
        "trouter": "^2.0.1"
      }
    },
    "sirv": {
      "version": "0.2.2",
      "resolved": "https://registry.npmjs.org/sirv/-/sirv-0.2.2.tgz",
      "integrity": "sha512-X0UjfTc32MeK+rkhgdQK/blQ5ysC0CfLF9OH9d8x2RnpaD2D5BDLMeox79utmhxai4T+/VCahK5pDgAEnG/tNQ==",
      "requires": {
        "@polka/url": "^0.5.0",
        "mime": "^2.3.1",
        "tiny-glob": "^0.2.0"
      }
    },
    "tiny-glob": {
      "version": "0.2.3",
      "resolved": "https://registry.npmjs.org/tiny-glob/-/tiny-glob-0.2.3.tgz",
      "integrity": "sha512-pkCxlClaL6MznxrgW4D2VDk5w6hz3SEOtXcJ9CPhxLjhpsvTd1g3qkMAqxoJNjKsCQlJj6w485ij5d5/Fb9jUQ==",
      "requires": {
        "globalyzer": "^0.1.0",
        "globrex": "^0.1.1"
      }
    },
    "trouter": {
      "version": "2.0.1",
      "resolved": "https://registry.npmjs.org/trouter/-/trouter-2.0.1.tgz",
      "integrity": "sha512-kr8SKKw94OI+xTGOkfsvwZQ8mWoikZDd2n8XZHjJVZUARZT+4/VV6cacRS6CLsH9bNm+HFIPU1Zx4CnNnb4qlQ==",
      "requires": {
        "matchit": "^1.0.0"
      }
    }
  }
}
